# THIS IS AN AUTOGENERATED FILE. DO NOT EDIT THIS FILE DIRECTLY.
# yarn lockfile v1


"@types/luxon@^3.4.2":
  version "3.4.2"
  resolved "http://npm.dui88.com:80/@types%2fluxon/-/luxon-3.4.2.tgz#e4fc7214a420173cea47739c33cdf10874694db7"
  integrity sha512-TifLZlFudklWlMBfhubvgqTXRzLDI5pCbGa4P8a3wPyUQSW+1xQ5eDsreP9DWHX3tjq1ke96uYG/nwundroWcA==

luxon@^3.5.0:
  version "3.5.0"
  resolved "http://npm.dui88.com:80/luxon/-/luxon-3.5.0.tgz#6b6f65c5cd1d61d1fd19dbf07ee87a50bf4b8e20"
  integrity sha512-rh+Zjr6DNfUYR3bPwJEnuwDdqMbxZW7LOQfUN4B54+Cl+0o5zaU9RJ6bcidfDtC1cWCZXQ+nvX8bf6bAji37QQ==

nanoid@^3.3.6:
  version "3.3.7"
  resolved "http://npm.dui88.com:80/nanoid/-/nanoid-3.3.7.tgz#d0c301a691bc8d54efa0a2226ccf3fe2fd656bd8"
  integrity sha512-eSRppjcPIatRIMC1U6UngP8XFcz8MQWGQdt1MTBQ7NaAmvXDfvNxbvWV3x2y6CdEUciCSsDHDQZbhYaB8QEo2g==

picocolors@^1.0.0:
  version "1.0.0"
  resolved "http://npm.dui88.com:80/picocolors/-/picocolors-1.0.0.tgz#cb5bdc74ff3f51892236eaf79d68bc44564ab81c"
  integrity sha1-y1vcdP8/UYkiNur3nWi8RFZKuBw=

postcss-sorting@^8.0.2:
  version "8.0.2"
  resolved "http://npm.dui88.com:80/postcss-sorting/-/postcss-sorting-8.0.2.tgz#6393385ece272baf74bee9820fb1b58098e4eeca"
  integrity sha512-M9dkSrmU00t/jK7rF6BZSZauA5MAaBW4i5EnJXspMwt4iqTh/L9j6fgMnbElEOfyRyfLfVbIHj/R52zHzAPe1Q==

postcss@^8.4.21:
  version "8.4.31"
  resolved "http://npm.dui88.com:80/postcss/-/postcss-8.4.31.tgz#92b451050a9f914da6755af352bdc0192508656d"
  integrity sha512-PS08Iboia9mts/2ygV3eLpY5ghnUcfLV/EXTOW1E2qYxJKGGBUtNjN76FYHnMs36RmARn41bC0AZmn+rR0OVpQ==
  dependencies:
    nanoid "^3.3.6"
    picocolors "^1.0.0"
    source-map-js "^1.0.2"

source-map-js@^1.0.2:
  version "1.0.2"
  resolved "http://npm.dui88.com:80/source-map-js/-/source-map-js-1.0.2.tgz#adbc361d9c62df380125e7f161f71c826f1e490c"
  integrity sha512-R0XvVJ9WusLiqTCEiGCmICCMplcCkIwwR11mOSD9CR5u+IXYdiseeEuXCVAjS54zqwkLcPNnmU4OeJ6tUrWhDw==

stylelint-config-recess-order@^4.3.0:
  version "4.3.0"
  resolved "http://npm.dui88.com:80/stylelint-config-recess-order/-/stylelint-config-recess-order-4.3.0.tgz#009d544287448c29ddd02ffeb012ebaa520fcb72"
  integrity sha512-EWVtxZ8oq4/meTrRNUDrS5TqMz6TX72JjKDwVQq0JJDXE+P/o7UuFw3wWV/0O9yvJfh/da6nJY71ZUn/wSfB4g==
  dependencies:
    stylelint-order "6.x"

stylelint-config-recommended@^13.0.0:
  version "13.0.0"
  resolved "http://npm.dui88.com:80/stylelint-config-recommended/-/stylelint-config-recommended-13.0.0.tgz#c48a358cc46b629ea01f22db60b351f703e00597"
  integrity sha512-EH+yRj6h3GAe/fRiyaoO2F9l9Tgg50AOFhaszyfov9v6ayXJ1IkSHwTxd7lB48FmOeSGDPLjatjO11fJpmarkQ==

stylelint-config-standard@^34.0.0:
  version "34.0.0"
  resolved "http://npm.dui88.com:80/stylelint-config-standard/-/stylelint-config-standard-34.0.0.tgz#309f3c48118a02aae262230c174282e40e766cf4"
  integrity sha512-u0VSZnVyW9VSryBG2LSO+OQTjN7zF9XJaAJRX/4EwkmU0R2jYwmBSN10acqZisDitS0CLiEiGjX7+Hrq8TAhfQ==
  dependencies:
    stylelint-config-recommended "^13.0.0"

stylelint-order@6.x:
  version "6.0.3"
  resolved "http://npm.dui88.com:80/stylelint-order/-/stylelint-order-6.0.3.tgz#160b78650bd90463241b992581efee7159baefc2"
  integrity sha512-1j1lOb4EU/6w49qZeT2SQVJXm0Ht+Qnq9GMfUa3pMwoyojIWfuA+JUDmoR97Bht1RLn4ei0xtLGy87M7d29B1w==
  dependencies:
    postcss "^8.4.21"
    postcss-sorting "^8.0.2"
